
Microsoft Visual Studio Solution File, Format Version 12.00
# Visual Studio Version 17
VisualStudioVersion = 17.13.35825.156 d17.13
MinimumVisualStudioVersion = 10.0.40219.1
Project("{FAE04EC0-301F-11D3-BF4B-00C04F79EFBC}") = "BasicHttpClient", "BasicHttpClient\BasicHttpClient.csproj", "{7FAEDEC8-A323-4BF3-A720-D1AF1EF8B956}"
EndProject
Global
	GlobalSection(SolutionConfigurationPlatforms) = preSolution
		Debug|Any CPU = Debug|Any CPU
		Release|Any CPU = Release|Any CPU
	EndGlobalSection
	GlobalSection(ProjectConfigurationPlatforms) = postSolution
		{7FAEDEC8-A323-4BF3-A720-D1AF1EF8B956}.Debug|Any CPU.ActiveCfg = Debug|Any CPU
		{7FAEDEC8-A323-4BF3-A720-D1AF1EF8B956}.Debug|Any CPU.Build.0 = Debug|Any CPU
		{7FAEDEC8-A323-4BF3-A720-D1AF1EF8B956}.Release|Any CPU.ActiveCfg = Release|Any CPU
		{7FAEDEC8-A323-4BF3-A720-D1AF1EF8B956}.Release|Any CPU.Build.0 = Release|Any CPU
	EndGlobalSection
	GlobalSection(SolutionProperties) = preSolution
		HideSolutionNode = FALSE
	EndGlobalSection
	GlobalSection(ExtensibilityGlobals) = postSolution
		SolutionGuid = {57CC7FBE-0DF6-46B8-8882-23AE37739CE5}
	EndGlobalSection
EndGlobal
